
Microsoft Visual Studio Solution File, Format Version 12.00
# Visual Studio Version 16
VisualStudioVersion = 16.0.29911.98
MinimumVisualStudioVersion = 10.0.40219.1
Project("{9A19103F-16F7-4668-BE54-9A1E7A4F7556}") = "VendingApp", "WebApplication11\VendingApp.csproj", "{350952FD-D397-49C5-A180-CE2381570179}"
EndProject
Project("{9A19103F-16F7-4668-BE54-9A1E7A4F7556}") = "Tests", "ClassLibrary1\Tests.csproj", "{6AC8A633-7562-44CA-A776-5EC3E72A2456}"
EndProject
Global
	GlobalSection(SolutionConfigurationPlatforms) = preSolution
		Debug|Any CPU = Debug|Any CPU
		Release|Any CPU = Release|Any CPU
	EndGlobalSection
	GlobalSection(ProjectConfigurationPlatforms) = postSolution
		{350952FD-D397-49C5-A180-CE2381570179}.Debug|Any CPU.ActiveCfg = Debug|Any CPU
		{350952FD-D397-49C5-A180-CE2381570179}.Debug|Any CPU.Build.0 = Debug|Any CPU
		{350952FD-D397-49C5-A180-CE2381570179}.Release|Any CPU.ActiveCfg = Release|Any CPU
		{350952FD-D397-49C5-A180-CE2381570179}.Release|Any CPU.Build.0 = Release|Any CPU
		{6AC8A633-7562-44CA-A776-5EC3E72A2456}.Debug|Any CPU.ActiveCfg = Debug|Any CPU
		{6AC8A633-7562-44CA-A776-5EC3E72A2456}.Debug|Any CPU.Build.0 = Debug|Any CPU
		{6AC8A633-7562-44CA-A776-5EC3E72A2456}.Release|Any CPU.ActiveCfg = Release|Any CPU
		{6AC8A633-7562-44CA-A776-5EC3E72A2456}.Release|Any CPU.Build.0 = Release|Any CPU
	EndGlobalSection
	GlobalSection(SolutionProperties) = preSolution
		HideSolutionNode = FALSE
	EndGlobalSection
	GlobalSection(ExtensibilityGlobals) = postSolution
		SolutionGuid = {BBE9CAB8-9E6A-4D72-8E3F-33C24C100FD4}
	EndGlobalSection
EndGlobal
